
Microsoft Visual Studio Solution File, Format Version 12.00
# Visual Studio 15
Project("{FAE04EC0-301F-11D3-BF4B-00C04F79EFBC}") = "Assembly-CSharp", "Assembly-CSharp.csproj", "{2DB01DF0-7ACC-D9C8-9BAD-5EAE0BF11D91}"
EndProject
Project("{FAE04EC0-301F-11D3-BF4B-00C04F79EFBC}") = "Assembly-CSharp-Editor", "Assembly-CSharp-Editor.csproj", "{F2E3524E-B39C-73F4-5306-6CB88B49CFD5}"
EndProject
Project("{FAE04EC0-301F-11D3-BF4B-00C04F79EFBC}") = "Assembly-CSharp", "Assembly-CSharp.Player.csproj", "{152E22E1-B5E1-6128-C5ED-AA564260469E}"
EndProject
Global
	GlobalSection(SolutionConfigurationPlatforms) = preSolution
		Debug|Any CPU = Debug|Any CPU
		Release|Any CPU = Release|Any CPU
	EndGlobalSection
	GlobalSection(ProjectConfigurationPlatforms) = postSolution
		{2DB01DF0-7ACC-D9C8-9BAD-5EAE0BF11D91}.Debug|Any CPU.ActiveCfg = Debug|Any CPU
		{2DB01DF0-7ACC-D9C8-9BAD-5EAE0BF11D91}.Debug|Any CPU.Build.0 = Debug|Any CPU
		{2DB01DF0-7ACC-D9C8-9BAD-5EAE0BF11D91}.Release|Any CPU.ActiveCfg = Release|Any CPU
		{2DB01DF0-7ACC-D9C8-9BAD-5EAE0BF11D91}.Release|Any CPU.Build.0 = Release|Any CPU
		{F2E3524E-B39C-73F4-5306-6CB88B49CFD5}.Debug|Any CPU.ActiveCfg = Debug|Any CPU
		{F2E3524E-B39C-73F4-5306-6CB88B49CFD5}.Debug|Any CPU.Build.0 = Debug|Any CPU
		{F2E3524E-B39C-73F4-5306-6CB88B49CFD5}.Release|Any CPU.ActiveCfg = Release|Any CPU
		{F2E3524E-B39C-73F4-5306-6CB88B49CFD5}.Release|Any CPU.Build.0 = Release|Any CPU
		{152E22E1-B5E1-6128-C5ED-AA564260469E}.Debug|Any CPU.ActiveCfg = Debug|Any CPU
		{152E22E1-B5E1-6128-C5ED-AA564260469E}.Debug|Any CPU.Build.0 = Debug|Any CPU
		{152E22E1-B5E1-6128-C5ED-AA564260469E}.Release|Any CPU.ActiveCfg = Release|Any CPU
		{152E22E1-B5E1-6128-C5ED-AA564260469E}.Release|Any CPU.Build.0 = Release|Any CPU
	EndGlobalSection
	GlobalSection(SolutionProperties) = preSolution
		HideSolutionNode = FALSE
	EndGlobalSection
EndGlobal
